
Microsoft Visual Studio Solution File, Format Version 12.00
# Visual Studio 15
VisualStudioVersion = 15.0.28307.960
MinimumVisualStudioVersion = 10.0.40219.1
Project("{FAE04EC0-301F-11D3-BF4B-00C04F79EFBC}") = "AngularWebserivce", "AngularWebserivce\AngularWebserivce.csproj", "{45297004-1333-4337-A5BB-F9153167D674}"
EndProject
Global
	GlobalSection(SolutionConfigurationPlatforms) = preSolution
		Debug|Any CPU = Debug|Any CPU
		Release|Any CPU = Release|Any CPU
	EndGlobalSection
	GlobalSection(ProjectConfigurationPlatforms) = postSolution
		{45297004-1333-4337-A5BB-F9153167D674}.Debug|Any CPU.ActiveCfg = Debug|Any CPU
		{45297004-1333-4337-A5BB-F9153167D674}.Debug|Any CPU.Build.0 = Debug|Any CPU
		{45297004-1333-4337-A5BB-F9153167D674}.Release|Any CPU.ActiveCfg = Release|Any CPU
		{45297004-1333-4337-A5BB-F9153167D674}.Release|Any CPU.Build.0 = Release|Any CPU
	EndGlobalSection
	GlobalSection(SolutionProperties) = preSolution
		HideSolutionNode = FALSE
	EndGlobalSection
	GlobalSection(ExtensibilityGlobals) = postSolution
		SolutionGuid = {98D9AD3C-2C9E-4A83-BF69-891B2B8792BA}
	EndGlobalSection
EndGlobal
